
Microsoft Visual Studio Solution File, Format Version 12.00
# Visual Studio Version 17
VisualStudioVersion = 17.10.35122.118
MinimumVisualStudioVersion = 10.0.40219.1
Project("{FAE04EC0-301F-11D3-BF4B-00C04F79EFBC}") = "Horus-Challenge", "Horus-Challenge.csproj", "{E4C8931E-AB3B-425C-9C21-098FFAFD1681}"
EndProject
Global
	GlobalSection(SolutionConfigurationPlatforms) = preSolution
		Debug|Any CPU = Debug|Any CPU
		Release|Any CPU = Release|Any CPU
	EndGlobalSection
	GlobalSection(ProjectConfigurationPlatforms) = postSolution
		{E4C8931E-AB3B-425C-9C21-098FFAFD1681}.Debug|Any CPU.ActiveCfg = Debug|Any CPU
		{E4C8931E-AB3B-425C-9C21-098FFAFD1681}.Debug|Any CPU.Build.0 = Debug|Any CPU
		{E4C8931E-AB3B-425C-9C21-098FFAFD1681}.Debug|Any CPU.Deploy.0 = Debug|Any CPU
		{E4C8931E-AB3B-425C-9C21-098FFAFD1681}.Release|Any CPU.ActiveCfg = Release|Any CPU
		{E4C8931E-AB3B-425C-9C21-098FFAFD1681}.Release|Any CPU.Build.0 = Release|Any CPU
		{E4C8931E-AB3B-425C-9C21-098FFAFD1681}.Release|Any CPU.Deploy.0 = Release|Any CPU
	EndGlobalSection
	GlobalSection(SolutionProperties) = preSolution
		HideSolutionNode = FALSE
	EndGlobalSection
	GlobalSection(ExtensibilityGlobals) = postSolution
		SolutionGuid = {0E716B17-1AE3-4CBD-9E4C-CC5F1C98A670}
	EndGlobalSection
EndGlobal
